{
  "requires": true,
  "lockfileVersion": 1,
  "dependencies": {
    "ansi-styles": {
      "version": "3.2.1",
      "resolved": "https://repo.plus4u.net/operatorGate/repository/public-javascript/ansi-styles/-/ansi-styles-3.2.1.tgz",
      "integrity": "sha512-VT0ZI6kZRdTh8YyJw3SMbYm/u+NqfsAxEpWO0Pf9sq8/e94WxxOpPKx9FR1FlyCtOVDNOQ+8ntlqFxiRc+r5qA==",
      "requires": {
        "color-convert": "^1.9.0"
      }
    },
    "array-back": {
      "version": "3.1.0",
      "resolved": "https://repo.plus4u.net/operatorGate/repository/public-javascript/array-back/-/array-back-3.1.0.tgz",
      "integrity": "sha512-TkuxA4UCOvxuDK6NZYXCalszEzj+TLszyASooky+i742l9TqsOdYCMJJupxRic61hwquNtppB3hgcuq9SVSH1Q=="
    },
    "buffer-equal-constant-time": {
      "version": "1.0.1",
      "resolved": "https://repo.plus4u.net/operatorGate/repository/public-javascript/buffer-equal-constant-time/-/buffer-equal-constant-time-1.0.1.tgz",
      "integrity": "sha1-+OcRMvf/5uAaXJaXpMbz5I1cyBk="
    },
    "caseless": {
      "version": "0.12.0",
      "resolved": "https://repo.plus4u.net/operatorGate/repository/public-javascript/caseless/-/caseless-0.12.0.tgz",
      "integrity": "sha1-G2gcIf+EAzyCZUMJBolCDRhxUdw="
    },
    "chalk": {
      "version": "2.4.2",
      "resolved": "https://repo.plus4u.net/operatorGate/repository/public-javascript/chalk/-/chalk-2.4.2.tgz",
      "integrity": "sha512-Mti+f9lpJNcwF4tWV8/OrTTtF1gZi+f8FqlyAdouralcFWFQWF2+NgCHShjkCb+IFBLq9buZwE1xckQU4peSuQ==",
      "requires": {
        "ansi-styles": "^3.2.1",
        "escape-string-regexp": "^1.0.5",
        "supports-color": "^5.3.0"
      }
    },
    "clone": {
      "version": "2.1.2",
      "resolved": "https://repo.plus4u.net/operatorGate/repository/public-javascript/clone/-/clone-2.1.2.tgz",
      "integrity": "sha1-G39Ln1kfHo+DZwQBYANFoCiHQ18="
    },
    "color-convert": {
      "version": "1.9.3",
      "resolved": "https://repo.plus4u.net/operatorGate/repository/public-javascript/color-convert/-/color-convert-1.9.3.tgz",
      "integrity": "sha512-QfAUtd+vFdAtFQcC8CCyYt1fYWxSqAiK2cSD6zDB8N3cpsEBAvRxp9zOGg6G/SHHJYAT88/az/IuDGALsNVbGg==",
      "requires": {
        "color-name": "1.1.3"
      }
    },
    "color-name": {
      "version": "1.1.3",
      "resolved": "https://repo.plus4u.net/operatorGate/repository/public-javascript/color-name/-/color-name-1.1.3.tgz",
      "integrity": "sha1-p9BVi9icQveV3UIyj3QIMcpTvCU="
    },
    "command-line-args": {
      "version": "5.1.1",
      "resolved": "https://repo.plus4u.net/operatorGate/repository/public-javascript/command-line-args/-/command-line-args-5.1.1.tgz",
      "integrity": "sha512-hL/eG8lrll1Qy1ezvkant+trihbGnaKaeEjj6Scyr3DN+RC7iQ5Rz84IeLERfAWDGo0HBSNAakczwgCilDXnWg==",
      "requires": {
        "array-back": "^3.0.1",
        "find-replace": "^3.0.0",
        "lodash.camelcase": "^4.3.0",
        "typical": "^4.0.0"
      }
    },
    "command-line-usage": {
      "version": "5.0.5",
      "resolved": "https://repo.plus4u.net/operatorGate/repository/public-javascript/command-line-usage/-/command-line-usage-5.0.5.tgz",
      "integrity": "sha512-d8NrGylA5oCXSbGoKz05FkehDAzSmIm4K03S5VDh4d5lZAtTWfc3D1RuETtuQCn8129nYfJfDdF7P/lwcz1BlA==",
      "requires": {
        "array-back": "^2.0.0",
        "chalk": "^2.4.1",
        "table-layout": "^0.4.3",
        "typical": "^2.6.1"
      },
      "dependencies": {
        "array-back": {
          "version": "2.0.0",
          "resolved": "https://repo.plus4u.net/operatorGate/repository/public-javascript/array-back/-/array-back-2.0.0.tgz",
          "integrity": "sha512-eJv4pLLufP3g5kcZry0j6WXpIbzYw9GUB4mVJZno9wfwiBxbizTnHCw3VJb07cBihbFX48Y7oSrW9y+gt4glyw==",
          "requires": {
            "typical": "^2.6.1"
          }
        },
        "typical": {
          "version": "2.6.1",
          "resolved": "https://repo.plus4u.net/operatorGate/repository/public-javascript/typical/-/typical-2.6.1.tgz",
          "integrity": "sha1-XAgOXWYcu+OCWdLnCjxyU+hziB0="
        }
      }
    },
    "deep-extend": {
      "version": "0.6.0",
      "resolved": "https://repo.plus4u.net/operatorGate/repository/public-javascript/deep-extend/-/deep-extend-0.6.0.tgz",
      "integrity": "sha512-LOHxIOaPYdHlJRtCQfDIVZtfw/ufM8+rVj649RIHzcm/vGwQRXFt6OPqIFWsm2XEMrNIEtWR64sY1LEKD2vAOA=="
    },
    "ecdsa-sig-formatter": {
      "version": "1.0.11",
      "resolved": "https://repo.plus4u.net/operatorGate/repository/public-javascript/ecdsa-sig-formatter/-/ecdsa-sig-formatter-1.0.11.tgz",
      "integrity": "sha512-nagl3RYrbNv6kQkeJIpt6NJZy8twLB/2vtz6yN9Z4vRKHN4/QZJIEbqohALSgwKdnksuY3k5Addp5lg8sVoVcQ==",
      "requires": {
        "safe-buffer": "^5.0.1"
      }
    },
    "escape-string-regexp": {
      "version": "1.0.5",
      "resolved": "https://repo.plus4u.net/operatorGate/repository/public-javascript/escape-string-regexp/-/escape-string-regexp-1.0.5.tgz",
      "integrity": "sha1-G2HAViGQqN/2rjuyzwIAyhMLhtQ="
    },
    "find-replace": {
      "version": "3.0.0",
      "resolved": "https://repo.plus4u.net/operatorGate/repository/public-javascript/find-replace/-/find-replace-3.0.0.tgz",
      "integrity": "sha512-6Tb2myMioCAgv5kfvP5/PkZZ/ntTpVK39fHY7WkWBgvbeE+VHd/tZuZ4mrC+bxh4cfOZeYKVPaJIZtZXV7GNCQ==",
      "requires": {
        "array-back": "^3.0.1"
      }
    },
    "has-flag": {
      "version": "3.0.0",
      "resolved": "https://repo.plus4u.net/operatorGate/repository/public-javascript/has-flag/-/has-flag-3.0.0.tgz",
      "integrity": "sha1-tdRU3CGZriJWmfNGfloH87lVuv0="
    },
    "http": {
      "version": "0.0.0",
      "resolved": "https://repo.plus4u.net/operatorGate/repository/public-javascript/http/-/http-0.0.0.tgz",
      "integrity": "sha1-huYybSnF0Dnen6xYSkVon5KfT3I="
    },
    "insomnia-plugin-plus4u-oidc": {
      "version": "0.2.6",
      "resolved": "https://repo.plus4u.net/operatorGate/repository/public-javascript/insomnia-plugin-plus4u-oidc/-/insomnia-plugin-plus4u-oidc-0.2.6.tgz",
      "integrity": "sha512-8nUUGgbLsRgEPNe0/psN0L4s4F/ZmnaqUjSVa7yT1ZQNYY2/nZPrHYY8VXxsdKyodSfk22GS1zbNEJs6gB4wgg==",
      "requires": {
        "http": "0.0.0",
        "jws": "^4.0.0",
        "node-cache": "^5.1.0",
        "node-fetch": "^2.6.0",
        "oidc-plus4u-vault": "^0.4.2",
        "open": "^7.0.3",
        "url": "^0.11.0"
      }
    },
    "is-docker": {
      "version": "2.2.1",
      "resolved": "https://repo.plus4u.net/operatorGate/repository/public-javascript/is-docker/-/is-docker-2.2.1.tgz",
      "integrity": "sha512-F+i2BKsFrH66iaUFc0woD8sLy8getkwTwtOBjvs56Cx4CgJDeKQeqfz8wAYiSb8JOprWhHH5p77PbmYCvvUuXQ=="
    },
    "is-typedarray": {
      "version": "1.0.0",
      "resolved": "https://repo.plus4u.net/operatorGate/repository/public-javascript/is-typedarray/-/is-typedarray-1.0.0.tgz",
      "integrity": "sha1-5HnICFjfDBsR3dppQPlgEfzaSpo="
    },
    "is-wsl": {
      "version": "2.2.0",
      "resolved": "https://repo.plus4u.net/operatorGate/repository/public-javascript/is-wsl/-/is-wsl-2.2.0.tgz",
      "integrity": "sha512-fKzAra0rGJUUBwGBgNkHZuToZcn+TtXHpeCgmkMJMMYx1sQDYaCSyjJBSCa2nH1DGm7s3n1oBnohoVTBaN7Lww==",
      "requires": {
        "is-docker": "^2.0.0"
      }
    },
    "jwa": {
      "version": "2.0.0",
      "resolved": "https://repo.plus4u.net/operatorGate/repository/public-javascript/jwa/-/jwa-2.0.0.tgz",
      "integrity": "sha512-jrZ2Qx916EA+fq9cEAeCROWPTfCwi1IVHqT2tapuqLEVVDKFDENFw1oL+MwrTvH6msKxsd1YTDVw6uKEcsrLEA==",
      "requires": {
        "buffer-equal-constant-time": "1.0.1",
        "ecdsa-sig-formatter": "1.0.11",
        "safe-buffer": "^5.0.1"
      }
    },
    "jws": {
      "version": "4.0.0",
      "resolved": "https://repo.plus4u.net/operatorGate/repository/public-javascript/jws/-/jws-4.0.0.tgz",
      "integrity": "sha512-KDncfTmOZoOMTFG4mBlG0qUIOlc03fmzH+ru6RgYVZhPkyiy/92Owlt/8UEN+a4TXR1FQetfIpJE8ApdvdVxTg==",
      "requires": {
        "jwa": "^2.0.0",
        "safe-buffer": "^5.0.1"
      }
    },
    "lodash.camelcase": {
      "version": "4.3.0",
      "resolved": "https://repo.plus4u.net/operatorGate/repository/public-javascript/lodash.camelcase/-/lodash.camelcase-4.3.0.tgz",
      "integrity": "sha1-soqmKIorn8ZRA1x3EfZathkDMaY="
    },
    "lodash.padend": {
      "version": "4.6.1",
      "resolved": "https://repo.plus4u.net/operatorGate/repository/public-javascript/lodash.padend/-/lodash.padend-4.6.1.tgz",
      "integrity": "sha1-U8y6BH0G4VjTEfRdpiX05J5vFm4="
    },
    "minimist": {
      "version": "1.2.5",
      "resolved": "https://repo.plus4u.net/operatorGate/repository/public-javascript/minimist/-/minimist-1.2.5.tgz",
      "integrity": "sha512-FM9nNUYrRBAELZQT3xeZQ7fmMOBg6nWNmJKTcgsJeaLstP/UODVpGsr5OhXhhXg6f+qtJ8uiZ+PUxkDWcgIXLw=="
    },
    "mkdirp": {
      "version": "0.5.5",
      "resolved": "https://repo.plus4u.net/operatorGate/repository/public-javascript/mkdirp/-/mkdirp-0.5.5.tgz",
      "integrity": "sha512-NKmAlESf6jMGym1++R0Ra7wvhV+wFW63FaSOFPwRahvea0gMUcGUhVeAg/0BC0wiv9ih5NYPB1Wn1UEI1/L+xQ==",
      "requires": {
        "minimist": "^1.2.5"
      }
    },
    "mute-stream": {
      "version": "0.0.8",
      "resolved": "https://repo.plus4u.net/operatorGate/repository/public-javascript/mute-stream/-/mute-stream-0.0.8.tgz",
      "integrity": "sha512-nnbWWOkoWyUsTjKrhgD0dcz22mdkSnpYqbEjIm2nhwhuxlSkpywJmBo8h0ZqJdkp73mb90SssHkN4rsRaBAfAA=="
    },
    "node-cache": {
      "version": "5.1.2",
      "resolved": "https://repo.plus4u.net/operatorGate/repository/public-javascript/node-cache/-/node-cache-5.1.2.tgz",
      "integrity": "sha512-t1QzWwnk4sjLWaQAS8CHgOJ+RAfmHpxFWmc36IWTiWHQfs0w5JDMBS1b1ZxQteo0vVVuWJvIUKHDkkeK7vIGCg==",
      "requires": {
        "clone": "2.x"
      }
    },
    "node-fetch": {
      "version": "2.6.1",
      "resolved": "https://repo.plus4u.net/operatorGate/repository/public-javascript/node-fetch/-/node-fetch-2.6.1.tgz",
      "integrity": "sha512-V4aYg89jEoVRxRb2fJdAg8FHvI7cEyYdVAh94HH0UIK8oJxUfkjlDQN9RbMx+bEjP7+ggMiFRprSti032Oipxw=="
    },
    "oidc-plus4u-vault": {
      "version": "0.4.2",
      "resolved": "https://repo.plus4u.net/operatorGate/repository/public-javascript/oidc-plus4u-vault/-/oidc-plus4u-vault-0.4.2.tgz",
      "integrity": "sha512-44Land0MKva7kEU9dHxvQIeJH71OqEVz3Ut3ga03bBk/4RRUtB9tsSmdYDIM7L3QHy3pLNZbqy7gQP895BZulQ==",
      "requires": {
        "command-line-args": "^5.0.2",
        "command-line-usage": "^5.0.5",
        "mkdirp": "^0.5.1",
        "r2": "^2.0.0",
        "read": "^1.0.7"
      }
    },
    "open": {
      "version": "7.4.2",
      "resolved": "https://repo.plus4u.net/operatorGate/repository/public-javascript/open/-/open-7.4.2.tgz",
      "integrity": "sha512-MVHddDVweXZF3awtlAS+6pgKLlm/JgxZ90+/NBurBoQctVOOB/zDdVjcyPzQ+0laDGbsWgrRkflI65sQeOgT9Q==",
      "requires": {
        "is-docker": "^2.0.0",
        "is-wsl": "^2.1.1"
      }
    },
    "punycode": {
      "version": "1.3.2",
      "resolved": "https://repo.plus4u.net/operatorGate/repository/public-javascript/punycode/-/punycode-1.3.2.tgz",
      "integrity": "sha1-llOgNvt8HuQjQvIyXM7v6jkmxI0="
    },
    "querystring": {
      "version": "0.2.0",
      "resolved": "https://repo.plus4u.net/operatorGate/repository/public-javascript/querystring/-/querystring-0.2.0.tgz",
      "integrity": "sha1-sgmEkgO7Jd+CDadW50cAWHhSFiA="
    },
    "r2": {
      "version": "2.0.1",
      "resolved": "https://repo.plus4u.net/operatorGate/repository/public-javascript/r2/-/r2-2.0.1.tgz",
      "integrity": "sha512-EEmxoxYCe3LHzAUhRIRxdCKERpeRNmlLj6KLUSORqnK6dWl/K5ShmDGZqM2lRZQeqJgF+wyqk0s1M7SWUveNOQ==",
      "requires": {
        "caseless": "^0.12.0",
        "node-fetch": "^2.0.0-alpha.8",
        "typedarray-to-buffer": "^3.1.2"
      }
    },
    "read": {
      "version": "1.0.7",
      "resolved": "https://repo.plus4u.net/operatorGate/repository/public-javascript/read/-/read-1.0.7.tgz",
      "integrity": "sha1-s9oZvQUkMal2cdRKQmNK33ELQMQ=",
      "requires": {
        "mute-stream": "~0.0.4"
      }
    },
    "reduce-flatten": {
      "version": "1.0.1",
      "resolved": "https://repo.plus4u.net/operatorGate/repository/public-javascript/reduce-flatten/-/reduce-flatten-1.0.1.tgz",
      "integrity": "sha1-JYx479FT3fk8tWEjf2EYTzaW4yc="
    },
    "safe-buffer": {
      "version": "5.2.1",
      "resolved": "https://repo.plus4u.net/operatorGate/repository/public-javascript/safe-buffer/-/safe-buffer-5.2.1.tgz",
      "integrity": "sha512-rp3So07KcdmmKbGvgaNxQSJr7bGVSVk5S9Eq1F+ppbRo70+YeaDxkw5Dd8NPN+GD6bjnYm2VuPuCXmpuYvmCXQ=="
    },
    "supports-color": {
      "version": "5.5.0",
      "resolved": "https://repo.plus4u.net/operatorGate/repository/public-javascript/supports-color/-/supports-color-5.5.0.tgz",
      "integrity": "sha512-QjVjwdXIt408MIiAqCX4oUKsgU2EqAGzs2Ppkm4aQYbjm+ZEWEcW4SfFNTr4uMNZma0ey4f5lgLrkB0aX0QMow==",
      "requires": {
        "has-flag": "^3.0.0"
      }
    },
    "table-layout": {
      "version": "0.4.5",
      "resolved": "https://repo.plus4u.net/operatorGate/repository/public-javascript/table-layout/-/table-layout-0.4.5.tgz",
      "integrity": "sha512-zTvf0mcggrGeTe/2jJ6ECkJHAQPIYEwDoqsiqBjI24mvRmQbInK5jq33fyypaCBxX08hMkfmdOqj6haT33EqWw==",
      "requires": {
        "array-back": "^2.0.0",
        "deep-extend": "~0.6.0",
        "lodash.padend": "^4.6.1",
        "typical": "^2.6.1",
        "wordwrapjs": "^3.0.0"
      },
      "dependencies": {
        "array-back": {
          "version": "2.0.0",
          "resolved": "https://repo.plus4u.net/operatorGate/repository/public-javascript/array-back/-/array-back-2.0.0.tgz",
          "integrity": "sha512-eJv4pLLufP3g5kcZry0j6WXpIbzYw9GUB4mVJZno9wfwiBxbizTnHCw3VJb07cBihbFX48Y7oSrW9y+gt4glyw==",
          "requires": {
            "typical": "^2.6.1"
          }
        },
        "typical": {
          "version": "2.6.1",
          "resolved": "https://repo.plus4u.net/operatorGate/repository/public-javascript/typical/-/typical-2.6.1.tgz",
          "integrity": "sha1-XAgOXWYcu+OCWdLnCjxyU+hziB0="
        }
      }
    },
    "typedarray-to-buffer": {
      "version": "3.1.5",
      "resolved": "https://repo.plus4u.net/operatorGate/repository/public-javascript/typedarray-to-buffer/-/typedarray-to-buffer-3.1.5.tgz",
      "integrity": "sha512-zdu8XMNEDepKKR+XYOXAVPtWui0ly0NtohUscw+UmaHiAWT8hrV1rr//H6V+0DvJ3OQ19S979M0laLfX8rm82Q==",
      "requires": {
        "is-typedarray": "^1.0.0"
      }
    },
    "typical": {
      "version": "4.0.0",
      "resolved": "https://repo.plus4u.net/operatorGate/repository/public-javascript/typical/-/typical-4.0.0.tgz",
      "integrity": "sha512-VAH4IvQ7BDFYglMd7BPRDfLgxZZX4O4TFcRDA6EN5X7erNJJq+McIEp8np9aVtxrCJ6qx4GTYVfOWNjcqwZgRw=="
    },
    "url": {
      "version": "0.11.0",
      "resolved": "https://repo.plus4u.net/operatorGate/repository/public-javascript/url/-/url-0.11.0.tgz",
      "integrity": "sha1-ODjpfPxgUh63PFJajlW/3Z4uKPE=",
      "requires": {
        "punycode": "1.3.2",
        "querystring": "0.2.0"
      }
    },
    "wordwrapjs": {
      "version": "3.0.0",
      "resolved": "https://repo.plus4u.net/operatorGate/repository/public-javascript/wordwrapjs/-/wordwrapjs-3.0.0.tgz",
      "integrity": "sha512-mO8XtqyPvykVCsrwj5MlOVWvSnCdT+C+QVbm6blradR7JExAhbkZ7hZ9A+9NUtwzSqrlUo9a67ws0EiILrvRpw==",
      "requires": {
        "reduce-flatten": "^1.0.1",
        "typical": "^2.6.1"
      },
      "dependencies": {
        "typical": {
          "version": "2.6.1",
          "resolved": "https://repo.plus4u.net/operatorGate/repository/public-javascript/typical/-/typical-2.6.1.tgz",
          "integrity": "sha1-XAgOXWYcu+OCWdLnCjxyU+hziB0="
        }
      }
    }
  }
}
